
Microsoft Visual Studio Solution File, Format Version 12.00
# Visual Studio 15
VisualStudioVersion = 15.0.28307.421
MinimumVisualStudioVersion = 10.0.40219.1
Project("{151D2E53-A2C4-4D7D-83FE-D05416EBD58E}") = "ProvisioningKVResources", "ProvisioningKVResources\ProvisioningKVResources.deployproj", "{CE67E007-D4C4-4294-B26B-1F9A77ED420D}"
EndProject
Project("{151D2E53-A2C4-4D7D-83FE-D05416EBD58E}") = "ProvisioningSQLResources", "ProvisioningSQLResources\ProvisioningSQLResources.deployproj", "{B061929C-618C-4D30-A4D1-FD81C7570B7D}"
EndProject
Project("{151D2E53-A2C4-4D7D-83FE-D05416EBD58E}") = "ProvisioningACRResources", "ProvisioningACRResources\ProvisioningACRResources\ProvisioningACRResources.deployproj", "{E2A7E1DF-8049-478A-BC9D-0A4FE8A05A2C}"
EndProject
Project("{151D2E53-A2C4-4D7D-83FE-D05416EBD58E}") = "ProvisioningACIResources", "ProvisioningACIResources\ProvisioningACIResources.deployproj", "{C94CF443-0990-4807-8D50-F73FC0A4BA8F}"
EndProject
Global
	GlobalSection(SolutionConfigurationPlatforms) = preSolution
		Debug|Any CPU = Debug|Any CPU
		Release|Any CPU = Release|Any CPU
	EndGlobalSection
	GlobalSection(ProjectConfigurationPlatforms) = postSolution
		{CE67E007-D4C4-4294-B26B-1F9A77ED420D}.Debug|Any CPU.ActiveCfg = Debug|Any CPU
		{CE67E007-D4C4-4294-B26B-1F9A77ED420D}.Debug|Any CPU.Build.0 = Debug|Any CPU
		{CE67E007-D4C4-4294-B26B-1F9A77ED420D}.Release|Any CPU.ActiveCfg = Release|Any CPU
		{CE67E007-D4C4-4294-B26B-1F9A77ED420D}.Release|Any CPU.Build.0 = Release|Any CPU
		{B061929C-618C-4D30-A4D1-FD81C7570B7D}.Debug|Any CPU.ActiveCfg = Debug|Any CPU
		{B061929C-618C-4D30-A4D1-FD81C7570B7D}.Debug|Any CPU.Build.0 = Debug|Any CPU
		{B061929C-618C-4D30-A4D1-FD81C7570B7D}.Release|Any CPU.ActiveCfg = Release|Any CPU
		{B061929C-618C-4D30-A4D1-FD81C7570B7D}.Release|Any CPU.Build.0 = Release|Any CPU
		{E2A7E1DF-8049-478A-BC9D-0A4FE8A05A2C}.Debug|Any CPU.ActiveCfg = Debug|Any CPU
		{E2A7E1DF-8049-478A-BC9D-0A4FE8A05A2C}.Debug|Any CPU.Build.0 = Debug|Any CPU
		{E2A7E1DF-8049-478A-BC9D-0A4FE8A05A2C}.Release|Any CPU.ActiveCfg = Release|Any CPU
		{E2A7E1DF-8049-478A-BC9D-0A4FE8A05A2C}.Release|Any CPU.Build.0 = Release|Any CPU
		{C94CF443-0990-4807-8D50-F73FC0A4BA8F}.Debug|Any CPU.ActiveCfg = Debug|Any CPU
		{C94CF443-0990-4807-8D50-F73FC0A4BA8F}.Debug|Any CPU.Build.0 = Debug|Any CPU
		{C94CF443-0990-4807-8D50-F73FC0A4BA8F}.Release|Any CPU.ActiveCfg = Release|Any CPU
		{C94CF443-0990-4807-8D50-F73FC0A4BA8F}.Release|Any CPU.Build.0 = Release|Any CPU
	EndGlobalSection
	GlobalSection(SolutionProperties) = preSolution
		HideSolutionNode = FALSE
	EndGlobalSection
	GlobalSection(ExtensibilityGlobals) = postSolution
		SolutionGuid = {0DEB1EC8-8CCB-482E-9A92-4BAEB39C1886}
	EndGlobalSection
EndGlobal
